// !$*UTF8*$!
{
	archiveVersion = 1;
	classes = {
	};
	objectVersion = 46;
	objects = {

/* Begin PBXBuildFile section */
		2D99817E1CED9A2A0080826A /* AppDelegate.swift in Sources */ = {isa = PBXBuildFile; fileRef = 2D99817D1CED9A2A0080826A /* AppDelegate.swift */; };
		2D9981801CED9A2A0080826A /* ViewController.swift in Sources */ = {isa = PBXBuildFile; fileRef = 2D99817F1CED9A2A0080826A /* ViewController.swift */; };
		2D9981831CED9A2A0080826A /* Main.storyboard in Resources */ = {isa = PBXBuildFile; fileRef = 2D9981811CED9A2A0080826A /* Main.storyboard */; };
		2D9981851CED9A2A0080826A /* Assets.xcassets in Resources */ = {isa = PBXBuildFile; fileRef = 2D9981841CED9A2A0080826A /* Assets.xcassets */; };
		2D9981881CED9A2A0080826A /* LaunchScreen.storyboard in Resources */ = {isa = PBXBuildFile; fileRef = 2D9981861CED9A2A0080826A /* LaunchScreen.storyboard */; };
		2D9981931CED9A2A0080826A /* UIScrollViewDemoTests.swift in Sources */ = {isa = PBXBuildFile; fileRef = 2D9981921CED9A2A0080826A /* UIScrollViewDemoTests.swift */; };
		2D99819E1CED9A2A0080826A /* UIScrollViewDemoUITests.swift in Sources */ = {isa = PBXBuildFile; fileRef = 2D99819D1CED9A2A0080826A /* UIScrollViewDemoUITests.swift */; };
		2D9981B11CED9FA30080826A /* DisplayContentViewController.swift in Sources */ = {isa = PBXBuildFile; fileRef = 2D9981AF1CED9FA30080826A /* DisplayContentViewController.swift */; };
		2D9981B41CEDB1B50080826A /* ScrollingViewController.swift in Sources */ = {isa = PBXBuildFile; fileRef = 2D9981B31CEDB1B50080826A /* ScrollingViewController.swift */; };
		2D9981B61CEDBBDF0080826A /* PagingViewController.swift in Sources */ = {isa = PBXBuildFile; fileRef = 2D9981B51CEDBBDF0080826A /* PagingViewController.swift */; };
		2D9981B81CEDC0170080826A /* BounceViewController.swift in Sources */ = {isa = PBXBuildFile; fileRef = 2D9981B71CEDC0170080826A /* BounceViewController.swift */; };
		2D9981BA1CEDDB490080826A /* ScrollIndicatorViewController.swift in Sources */ = {isa = PBXBuildFile; fileRef = 2D9981B91CEDDB490080826A /* ScrollIndicatorViewController.swift */; };
		2D9981BC1CEDE3B40080826A /* ZoomingViewController.swift in Sources */ = {isa = PBXBuildFile; fileRef = 2D9981BB1CEDE3B40080826A /* ZoomingViewController.swift */; };
		2D9981BE1CEE190D0080826A /* ReadOnlyStatusViewController.swift in Sources */ = {isa = PBXBuildFile; fileRef = 2D9981BD1CEE190D0080826A /* ReadOnlyStatusViewController.swift */; };
		2D9981C01CEE20670080826A /* MyScrollView.swift in Sources */ = {isa = PBXBuildFile; fileRef = 2D9981BF1CEE20670080826A /* MyScrollView.swift */; };
		2D9981C21CEE2A410080826A /* KeyBoardViewController.swift in Sources */ = {isa = PBXBuildFile; fileRef = 2D9981C11CEE2A410080826A /* KeyBoardViewController.swift */; };
		2D9981C41CEE30340080826A /* MyScrollViewController.swift in Sources */ = {isa = PBXBuildFile; fileRef = 2D9981C31CEE30340080826A /* MyScrollViewController.swift */; };
		2D9981C61CEE32B00080826A /* MyView.swift in Sources */ = {isa = PBXBuildFile; fileRef = 2D9981C51CEE32B00080826A /* MyView.swift */; };
/* End PBXBuildFile section */

/* Begin PBXContainerItemProxy section */
		2D99818F1CED9A2A0080826A /* PBXContainerItemProxy */ = {
			isa = PBXContainerItemProxy;
			containerPortal = 2D9981721CED9A290080826A /* Project object */;
			proxyType = 1;
			remoteGlobalIDString = 2D9981791CED9A2A0080826A;
			remoteInfo = UIScrollViewDemo;
		};
		2D99819A1CED9A2A0080826A /* PBXContainerItemProxy */ = {
			isa = PBXContainerItemProxy;
			containerPortal = 2D9981721CED9A290080826A /* Project object */;
			proxyType = 1;
			remoteGlobalIDString = 2D9981791CED9A2A0080826A;
			remoteInfo = UIScrollViewDemo;
		};
/* End PBXContainerItemProxy section */

/* Begin PBXFileReference section */
		2D99817A1CED9A2A0080826A /* UIScrollViewDemo.app */ = {isa = PBXFileReference; explicitFileType = wrapper.application; includeInIndex = 0; path = UIScrollViewDemo.app; sourceTree = BUILT_PRODUCTS_DIR; };
		2D99817D1CED9A2A0080826A /* AppDelegate.swift */ = {isa = PBXFileReference; lastKnownFileType = sourcecode.swift; path = AppDelegate.swift; sourceTree = "<group>"; };
		2D99817F1CED9A2A0080826A /* ViewController.swift */ = {isa = PBXFileReference; lastKnownFileType = sourcecode.swift; path = ViewController.swift; sourceTree = "<group>"; };
		2D9981821CED9A2A0080826A /* Base */ = {isa = PBXFileReference; lastKnownFileType = file.storyboard; name = Base; path = Base.lproj/Main.storyboard; sourceTree = "<group>"; };
		2D9981841CED9A2A0080826A /* Assets.xcassets */ = {isa = PBXFileReference; lastKnownFileType = folder.assetcatalog; path = Assets.xcassets; sourceTree = "<group>"; };
		2D9981871CED9A2A0080826A /* Base */ = {isa = PBXFileReference; lastKnownFileType = file.storyboard; name = Base; path = Base.lproj/LaunchScreen.storyboard; sourceTree = "<group>"; };
		2D9981891CED9A2A0080826A /* Info.plist */ = {isa = PBXFileReference; lastKnownFileType = text.plist.xml; path = Info.plist; sourceTree = "<group>"; };
		2D99818E1CED9A2A0080826A /* UIScrollViewDemoTests.xctest */ = {isa = PBXFileReference; explicitFileType = wrapper.cfbundle; includeInIndex = 0; path = UIScrollViewDemoTests.xctest; sourceTree = BUILT_PRODUCTS_DIR; };
		2D9981921CED9A2A0080826A /* UIScrollViewDemoTests.swift */ = {isa = PBXFileReference; lastKnownFileType = sourcecode.swift; path = UIScrollViewDemoTests.swift; sourceTree = "<group>"; };
		2D9981941CED9A2A0080826A /* Info.plist */ = {isa = PBXFileReference; lastKnownFileType = text.plist.xml; path = Info.plist; sourceTree = "<group>"; };
		2D9981991CED9A2A0080826A /* UIScrollViewDemoUITests.xctest */ = {isa = PBXFileReference; explicitFileType = wrapper.cfbundle; includeInIndex = 0; path = UIScrollViewDemoUITests.xctest; sourceTree = BUILT_PRODUCTS_DIR; };
		2D99819D1CED9A2A0080826A /* UIScrollViewDemoUITests.swift */ = {isa = PBXFileReference; lastKnownFileType = sourcecode.swift; path = UIScrollViewDemoUITests.swift; sourceTree = "<group>"; };
		2D99819F1CED9A2A0080826A /* Info.plist */ = {isa = PBXFileReference; lastKnownFileType = text.plist.xml; path = Info.plist; sourceTree = "<group>"; };
		2D9981AF1CED9FA30080826A /* DisplayContentViewController.swift */ = {isa = PBXFileReference; fileEncoding = 4; lastKnownFileType = sourcecode.swift; name = DisplayContentViewController.swift; path = ../DisplayContentViewController.swift; sourceTree = "<group>"; };
		2D9981B31CEDB1B50080826A /* ScrollingViewController.swift */ = {isa = PBXFileReference; fileEncoding = 4; lastKnownFileType = sourcecode.swift; path = ScrollingViewController.swift; sourceTree = "<group>"; };
		2D9981B51CEDBBDF0080826A /* PagingViewController.swift */ = {isa = PBXFileReference; fileEncoding = 4; lastKnownFileType = sourcecode.swift; path = PagingViewController.swift; sourceTree = "<group>"; };
		2D9981B71CEDC0170080826A /* BounceViewController.swift */ = {isa = PBXFileReference; fileEncoding = 4; lastKnownFileType = sourcecode.swift; path = BounceViewController.swift; sourceTree = "<group>"; };
		2D9981B91CEDDB490080826A /* ScrollIndicatorViewController.swift */ = {isa = PBXFileReference; fileEncoding = 4; lastKnownFileType = sourcecode.swift; path = ScrollIndicatorViewController.swift; sourceTree = "<group>"; };
		2D9981BB1CEDE3B40080826A /* ZoomingViewController.swift */ = {isa = PBXFileReference; fileEncoding = 4; lastKnownFileType = sourcecode.swift; path = ZoomingViewController.swift; sourceTree = "<group>"; };
		2D9981BD1CEE190D0080826A /* ReadOnlyStatusViewController.swift */ = {isa = PBXFileReference; fileEncoding = 4; lastKnownFileType = sourcecode.swift; path = ReadOnlyStatusViewController.swift; sourceTree = "<group>"; };
		2D9981BF1CEE20670080826A /* MyScrollView.swift */ = {isa = PBXFileReference; fileEncoding = 4; lastKnownFileType = sourcecode.swift; path = MyScrollView.swift; sourceTree = "<group>"; };
		2D9981C11CEE2A410080826A /* KeyBoardViewController.swift */ = {isa = PBXFileReference; fileEncoding = 4; lastKnownFileType = sourcecode.swift; path = KeyBoardViewController.swift; sourceTree = "<group>"; };
		2D9981C31CEE30340080826A /* MyScrollViewController.swift */ = {isa = PBXFileReference; fileEncoding = 4; lastKnownFileType = sourcecode.swift; path = MyScrollViewController.swift; sourceTree = "<group>"; };
		2D9981C51CEE32B00080826A /* MyView.swift */ = {isa = PBXFileReference; fileEncoding = 4; lastKnownFileType = sourcecode.swift; path = MyView.swift; sourceTree = "<group>"; };
/* End PBXFileReference section */

/* Begin PBXFrameworksBuildPhase section */
		2D9981771CED9A2A0080826A /* Frameworks */ = {
			isa = PBXFrameworksBuildPhase;
			buildActionMask = 2147483647;
			files = (
			);
			runOnlyForDeploymentPostprocessing = 0;
		};
		2D99818B1CED9A2A0080826A /* Frameworks */ = {
			isa = PBXFrameworksBuildPhase;
			buildActionMask = 2147483647;
			files = (
			);
			runOnlyForDeploymentPostprocessing = 0;
		};
		2D9981961CED9A2A0080826A /* Frameworks */ = {
			isa = PBXFrameworksBuildPhase;
			buildActionMask = 2147483647;
			files = (
			);
			runOnlyForDeploymentPostprocessing = 0;
		};
/* End PBXFrameworksBuildPhase section */

/* Begin PBXGroup section */
		2D9981711CED9A290080826A = {
			isa = PBXGroup;
			children = (
				2D99817C1CED9A2A0080826A /* UIScrollViewDemo */,
				2D9981911CED9A2A0080826A /* UIScrollViewDemoTests */,
				2D99819C1CED9A2A0080826A /* UIScrollViewDemoUITests */,
				2D99817B1CED9A2A0080826A /* Products */,
			);
			sourceTree = "<group>";
		};
		2D99817B1CED9A2A0080826A /* Products */ = {
			isa = PBXGroup;
			children = (
				2D99817A1CED9A2A0080826A /* UIScrollViewDemo.app */,
				2D99818E1CED9A2A0080826A /* UIScrollViewDemoTests.xctest */,
				2D9981991CED9A2A0080826A /* UIScrollViewDemoUITests.xctest */,
			);
			name = Products;
			sourceTree = "<group>";
		};
		2D99817C1CED9A2A0080826A /* UIScrollViewDemo */ = {
			isa = PBXGroup;
			children = (
				2D99817D1CED9A2A0080826A /* AppDelegate.swift */,
				2D99817F1CED9A2A0080826A /* ViewController.swift */,
				2D9981811CED9A2A0080826A /* Main.storyboard */,
				2D9981AF1CED9FA30080826A /* DisplayContentViewController.swift */,
				2D9981841CED9A2A0080826A /* Assets.xcassets */,
				2D9981861CED9A2A0080826A /* LaunchScreen.storyboard */,
				2D9981891CED9A2A0080826A /* Info.plist */,
				2D9981B31CEDB1B50080826A /* ScrollingViewController.swift */,
				2D9981B51CEDBBDF0080826A /* PagingViewController.swift */,
				2D9981B71CEDC0170080826A /* BounceViewController.swift */,
				2D9981B91CEDDB490080826A /* ScrollIndicatorViewController.swift */,
				2D9981BB1CEDE3B40080826A /* ZoomingViewController.swift */,
				2D9981BD1CEE190D0080826A /* ReadOnlyStatusViewController.swift */,
				2D9981BF1CEE20670080826A /* MyScrollView.swift */,
				2D9981C11CEE2A410080826A /* KeyBoardViewController.swift */,
				2D9981C31CEE30340080826A /* MyScrollViewController.swift */,
				2D9981C51CEE32B00080826A /* MyView.swift */,
			);
			path = UIScrollViewDemo;
			sourceTree = "<group>";
		};
		2D9981911CED9A2A0080826A /* UIScrollViewDemoTests */ = {
			isa = PBXGroup;
			children = (
				2D9981921CED9A2A0080826A /* UIScrollViewDemoTests.swift */,
				2D9981941CED9A2A0080826A /* Info.plist */,
			);
			path = UIScrollViewDemoTests;
			sourceTree = "<group>";
		};
		2D99819C1CED9A2A0080826A /* UIScrollViewDemoUITests */ = {
			isa = PBXGroup;
			children = (
				2D99819D1CED9A2A0080826A /* UIScrollViewDemoUITests.swift */,
				2D99819F1CED9A2A0080826A /* Info.plist */,
			);
			path = UIScrollViewDemoUITests;
			sourceTree = "<group>";
		};
/* End PBXGroup section */

/* Begin PBXNativeTarget section */
		2D9981791CED9A2A0080826A /* UIScrollViewDemo */ = {
			isa = PBXNativeTarget;
			buildConfigurationList = 2D9981A21CED9A2A0080826A /* Build configuration list for PBXNativeTarget "UIScrollViewDemo" */;
			buildPhases = (
				2D9981761CED9A2A0080826A /* Sources */,
				2D9981771CED9A2A0080826A /* Frameworks */,
				2D9981781CED9A2A0080826A /* Resources */,
			);
			buildRules = (
			);
			dependencies = (
			);
			name = UIScrollViewDemo;
			productName = UIScrollViewDemo;
			productReference = 2D99817A1CED9A2A0080826A /* UIScrollViewDemo.app */;
			productType = "com.apple.product-type.application";
		};
		2D99818D1CED9A2A0080826A /* UIScrollViewDemoTests */ = {
			isa = PBXNativeTarget;
			buildConfigurationList = 2D9981A51CED9A2A0080826A /* Build configuration list for PBXNativeTarget "UIScrollViewDemoTests" */;
			buildPhases = (
				2D99818A1CED9A2A0080826A /* Sources */,
				2D99818B1CED9A2A0080826A /* Frameworks */,
				2D99818C1CED9A2A0080826A /* Resources */,
			);
			buildRules = (
			);
			dependencies = (
				2D9981901CED9A2A0080826A /* PBXTargetDependency */,
			);
			name = UIScrollViewDemoTests;
			productName = UIScrollViewDemoTests;
			productReference = 2D99818E1CED9A2A0080826A /* UIScrollViewDemoTests.xctest */;
			productType = "com.apple.product-type.bundle.unit-test";
		};
		2D9981981CED9A2A0080826A /* UIScrollViewDemoUITests */ = {
			isa = PBXNativeTarget;
			buildConfigurationList = 2D9981A81CED9A2A0080826A /* Build configuration list for PBXNativeTarget "UIScrollViewDemoUITests" */;
			buildPhases = (
				2D9981951CED9A2A0080826A /* Sources */,
				2D9981961CED9A2A0080826A /* Frameworks */,
				2D9981971CED9A2A0080826A /* Resources */,
			);
			buildRules = (
			);
			dependencies = (
				2D99819B1CED9A2A0080826A /* PBXTargetDependency */,
			);
			name = UIScrollViewDemoUITests;
			productName = UIScrollViewDemoUITests;
			productReference = 2D9981991CED9A2A0080826A /* UIScrollViewDemoUITests.xctest */;
			productType = "com.apple.product-type.bundle.ui-testing";
		};
/* End PBXNativeTarget section */

/* Begin PBXProject section */
		2D9981721CED9A290080826A /* Project object */ = {
			isa = PBXProject;
			attributes = {
				LastSwiftUpdateCheck = 0730;
				LastUpgradeCheck = 0730;
				ORGANIZATIONNAME = Cooop;
				TargetAttributes = {
					2D9981791CED9A2A0080826A = {
						CreatedOnToolsVersion = 7.3;
					};
					2D99818D1CED9A2A0080826A = {
						CreatedOnToolsVersion = 7.3;
						TestTargetID = 2D9981791CED9A2A0080826A;
					};
					2D9981981CED9A2A0080826A = {
						CreatedOnToolsVersion = 7.3;
						TestTargetID = 2D9981791CED9A2A0080826A;
					};
				};
			};
			buildConfigurationList = 2D9981751CED9A290080826A /* Build configuration list for PBXProject "UIScrollViewDemo" */;
			compatibilityVersion = "Xcode 3.2";
			developmentRegion = English;
			hasScannedForEncodings = 0;
			knownRegions = (
				en,
				Base,
			);
			mainGroup = 2D9981711CED9A290080826A;
			productRefGroup = 2D99817B1CED9A2A0080826A /* Products */;
			projectDirPath = "";
			projectRoot = "";
			targets = (
				2D9981791CED9A2A0080826A /* UIScrollViewDemo */,
				2D99818D1CED9A2A0080826A /* UIScrollViewDemoTests */,
				2D9981981CED9A2A0080826A /* UIScrollViewDemoUITests */,
			);
		};
/* End PBXProject section */

/* Begin PBXResourcesBuildPhase section */
		2D9981781CED9A2A0080826A /* Resources */ = {
			isa = PBXResourcesBuildPhase;
			buildActionMask = 2147483647;
			files = (
				2D9981881CED9A2A0080826A /* LaunchScreen.storyboard in Resources */,
				2D9981851CED9A2A0080826A /* Assets.xcassets in Resources */,
				2D9981831CED9A2A0080826A /* Main.storyboard in Resources */,
			);
			runOnlyForDeploymentPostprocessing = 0;
		};
		2D99818C1CED9A2A0080826A /* Resources */ = {
			isa = PBXResourcesBuildPhase;
			buildActionMask = 2147483647;
			files = (
			);
			runOnlyForDeploymentPostprocessing = 0;
		};
		2D9981971CED9A2A0080826A /* Resources */ = {
			isa = PBXResourcesBuildPhase;
			buildActionMask = 2147483647;
			files = (
			);
			runOnlyForDeploymentPostprocessing = 0;
		};
/* End PBXResourcesBuildPhase section */

/* Begin PBXSourcesBuildPhase section */
		2D9981761CED9A2A0080826A /* Sources */ = {
			isa = PBXSourcesBuildPhase;
			buildActionMask = 2147483647;
			files = (
				2D9981BC1CEDE3B40080826A /* ZoomingViewController.swift in Sources */,
				2D9981B81CEDC0170080826A /* BounceViewController.swift in Sources */,
				2D9981B41CEDB1B50080826A /* ScrollingViewController.swift in Sources */,
				2D9981801CED9A2A0080826A /* ViewController.swift in Sources */,
				2D9981BA1CEDDB490080826A /* ScrollIndicatorViewController.swift in Sources */,
				2D9981C01CEE20670080826A /* MyScrollView.swift in Sources */,
				2D99817E1CED9A2A0080826A /* AppDelegate.swift in Sources */,
				2D9981B11CED9FA30080826A /* DisplayContentViewController.swift in Sources */,
				2D9981BE1CEE190D0080826A /* ReadOnlyStatusViewController.swift in Sources */,
				2D9981C21CEE2A410080826A /* KeyBoardViewController.swift in Sources */,
				2D9981B61CEDBBDF0080826A /* PagingViewController.swift in Sources */,
				2D9981C41CEE30340080826A /* MyScrollViewController.swift in Sources */,
				2D9981C61CEE32B00080826A /* MyView.swift in Sources */,
			);
			runOnlyForDeploymentPostprocessing = 0;
		};
		2D99818A1CED9A2A0080826A /* Sources */ = {
			isa = PBXSourcesBuildPhase;
			buildActionMask = 2147483647;
			files = (
				2D9981931CED9A2A0080826A /* UIScrollViewDemoTests.swift in Sources */,
			);
			runOnlyForDeploymentPostprocessing = 0;
		};
		2D9981951CED9A2A0080826A /* Sources */ = {
			isa = PBXSourcesBuildPhase;
			buildActionMask = 2147483647;
			files = (
				2D99819E1CED9A2A0080826A /* UIScrollViewDemoUITests.swift in Sources */,
			);
			runOnlyForDeploymentPostprocessing = 0;
		};
/* End PBXSourcesBuildPhase section */

/* Begin PBXTargetDependency section */
		2D9981901CED9A2A0080826A /* PBXTargetDependency */ = {
			isa = PBXTargetDependency;
			target = 2D9981791CED9A2A0080826A /* UIScrollViewDemo */;
			targetProxy = 2D99818F1CED9A2A0080826A /* PBXContainerItemProxy */;
		};
		2D99819B1CED9A2A0080826A /* PBXTargetDependency */ = {
			isa = PBXTargetDependency;
			target = 2D9981791CED9A2A0080826A /* UIScrollViewDemo */;
			targetProxy = 2D99819A1CED9A2A0080826A /* PBXContainerItemProxy */;
		};
/* End PBXTargetDependency section */

/* Begin PBXVariantGroup section */
		2D9981811CED9A2A0080826A /* Main.storyboard */ = {
			isa = PBXVariantGroup;
			children = (
				2D9981821CED9A2A0080826A /* Base */,
			);
			name = Main.storyboard;
			sourceTree = "<group>";
		};
		2D9981861CED9A2A0080826A /* LaunchScreen.storyboard */ = {
			isa = PBXVariantGroup;
			children = (
				2D9981871CED9A2A0080826A /* Base */,
			);
			name = LaunchScreen.storyboard;
			sourceTree = "<group>";
		};
/* End PBXVariantGroup section */

/* Begin XCBuildConfiguration section */
		2D9981A01CED9A2A0080826A /* Debug */ = {
			isa = XCBuildConfiguration;
			buildSettings = {
				ALWAYS_SEARCH_USER_PATHS = NO;
				CLANG_ANALYZER_NONNULL = YES;
				CLANG_CXX_LANGUAGE_STANDARD = "gnu++0x";
				CLANG_CXX_LIBRARY = "libc++";
				CLANG_ENABLE_MODULES = YES;
				CLANG_ENABLE_OBJC_ARC = YES;
				CLANG_WARN_BOOL_CONVERSION = YES;
				CLANG_WARN_CONSTANT_CONVERSION = YES;
				CLANG_WARN_DIRECT_OBJC_ISA_USAGE = YES_ERROR;
				CLANG_WARN_EMPTY_BODY = YES;
				CLANG_WARN_ENUM_CONVERSION = YES;
				CLANG_WARN_INT_CONVERSION = YES;
				CLANG_WARN_OBJC_ROOT_CLASS = YES_ERROR;
				CLANG_WARN_UNREACHABLE_CODE = YES;
				CLANG_WARN__DUPLICATE_METHOD_MATCH = YES;
				"CODE_SIGN_IDENTITY[sdk=iphoneos*]" = "iPhone Developer";
				COPY_PHASE_STRIP = NO;
				DEBUG_INFORMATION_FORMAT = dwarf;
				ENABLE_STRICT_OBJC_MSGSEND = YES;
				ENABLE_TESTABILITY = YES;
				GCC_C_LANGUAGE_STANDARD = gnu99;
				GCC_DYNAMIC_NO_PIC = NO;
				GCC_NO_COMMON_BLOCKS = YES;
				GCC_OPTIMIZATION_LEVEL = 0;
				GCC_PREPROCESSOR_DEFINITIONS = (
					"DEBUG=1",
					"$(inherited)",
				);
				GCC_WARN_64_TO_32_BIT_CONVERSION = YES;
				GCC_WARN_ABOUT_RETURN_TYPE = YES_ERROR;
				GCC_WARN_UNDECLARED_SELECTOR = YES;
				GCC_WARN_UNINITIALIZED_AUTOS = YES_AGGRESSIVE;
				GCC_WARN_UNUSED_FUNCTION = YES;
				GCC_WARN_UNUSED_VARIABLE = YES;
				IPHONEOS_DEPLOYMENT_TARGET = 9.3;
				MTL_ENABLE_DEBUG_INFO = YES;
				ONLY_ACTIVE_ARCH = YES;
				SDKROOT = iphoneos;
				SWIFT_OPTIMIZATION_LEVEL = "-Onone";
				TARGETED_DEVICE_FAMILY = "1,2";
			};
			name = Debug;
		};
		2D9981A11CED9A2A0080826A /* Release */ = {
			isa = XCBuildConfiguration;
			buildSettings = {
				ALWAYS_SEARCH_USER_PATHS = NO;
				CLANG_ANALYZER_NONNULL = YES;
				CLANG_CXX_LANGUAGE_STANDARD = "gnu++0x";
				CLANG_CXX_LIBRARY = "libc++";
				CLANG_ENABLE_MODULES = YES;
				CLANG_ENABLE_OBJC_ARC = YES;
				CLANG_WARN_BOOL_CONVERSION = YES;
				CLANG_WARN_CONSTANT_CONVERSION = YES;
				CLANG_WARN_DIRECT_OBJC_ISA_USAGE = YES_ERROR;
				CLANG_WARN_EMPTY_BODY = YES;
				CLANG_WARN_ENUM_CONVERSION = YES;
				CLANG_WARN_INT_CONVERSION = YES;
				CLANG_WARN_OBJC_ROOT_CLASS = YES_ERROR;
				CLANG_WARN_UNREACHABLE_CODE = YES;
				CLANG_WARN__DUPLICATE_METHOD_MATCH = YES;
				"CODE_SIGN_IDENTITY[sdk=iphoneos*]" = "iPhone Developer";
				COPY_PHASE_STRIP = NO;
				DEBUG_INFORMATION_FORMAT = "dwarf-with-dsym";
				ENABLE_NS_ASSERTIONS = NO;
				ENABLE_STRICT_OBJC_MSGSEND = YES;
				GCC_C_LANGUAGE_STANDARD = gnu99;
				GCC_NO_COMMON_BLOCKS = YES;
				GCC_WARN_64_TO_32_BIT_CONVERSION = YES;
				GCC_WARN_ABOUT_RETURN_TYPE = YES_ERROR;
				GCC_WARN_UNDECLARED_SELECTOR = YES;
				GCC_WARN_UNINITIALIZED_AUTOS = YES_AGGRESSIVE;
				GCC_WARN_UNUSED_FUNCTION = YES;
				GCC_WARN_UNUSED_VARIABLE = YES;
				IPHONEOS_DEPLOYMENT_TARGET = 9.3;
				MTL_ENABLE_DEBUG_INFO = NO;
				SDKROOT = iphoneos;
				TARGETED_DEVICE_FAMILY = "1,2";
				VALIDATE_PRODUCT = YES;
			};
			name = Release;
		};
		2D9981A31CED9A2A0080826A /* Debug */ = {
			isa = XCBuildConfiguration;
			buildSettings = {
				ASSETCATALOG_COMPILER_APPICON_NAME = AppIcon;
				INFOPLIST_FILE = UIScrollViewDemo/Info.plist;
				LD_RUNPATH_SEARCH_PATHS = "$(inherited) @executable_path/Frameworks";
				PRODUCT_BUNDLE_IDENTIFIER = me.cooop.UIScrollViewDemo;
				PRODUCT_NAME = "$(TARGET_NAME)";
			};
			name = Debug;
		};
		2D9981A41CED9A2A0080826A /* Release */ = {
			isa = XCBuildConfiguration;
			buildSettings = {
				ASSETCATALOG_COMPILER_APPICON_NAME = AppIcon;
				INFOPLIST_FILE = UIScrollViewDemo/Info.plist;
				LD_RUNPATH_SEARCH_PATHS = "$(inherited) @executable_path/Frameworks";
				PRODUCT_BUNDLE_IDENTIFIER = me.cooop.UIScrollViewDemo;
				PRODUCT_NAME = "$(TARGET_NAME)";
			};
			name = Release;
		};
		2D9981A61CED9A2A0080826A /* Debug */ = {
			isa = XCBuildConfiguration;
			buildSettings = {
				BUNDLE_LOADER = "$(TEST_HOST)";
				INFOPLIST_FILE = UIScrollViewDemoTests/Info.plist;
				LD_RUNPATH_SEARCH_PATHS = "$(inherited) @executable_path/Frameworks @loader_path/Frameworks";
				PRODUCT_BUNDLE_IDENTIFIER = me.cooop.UIScrollViewDemoTests;
				PRODUCT_NAME = "$(TARGET_NAME)";
				TEST_HOST = "$(BUILT_PRODUCTS_DIR)/UIScrollViewDemo.app/UIScrollViewDemo";
			};
			name = Debug;
		};
		2D9981A71CED9A2A0080826A /* Release */ = {
			isa = XCBuildConfiguration;
			buildSettings = {
				BUNDLE_LOADER = "$(TEST_HOST)";
				INFOPLIST_FILE = UIScrollViewDemoTests/Info.plist;
				LD_RUNPATH_SEARCH_PATHS = "$(inherited) @executable_path/Frameworks @loader_path/Frameworks";
				PRODUCT_BUNDLE_IDENTIFIER = me.cooop.UIScrollViewDemoTests;
				PRODUCT_NAME = "$(TARGET_NAME)";
				TEST_HOST = "$(BUILT_PRODUCTS_DIR)/UIScrollViewDemo.app/UIScrollViewDemo";
			};
			name = Release;
		};
		2D9981A91CED9A2A0080826A /* Debug */ = {
			isa = XCBuildConfiguration;
			buildSettings = {
				INFOPLIST_FILE = UIScrollViewDemoUITests/Info.plist;
				LD_RUNPATH_SEARCH_PATHS = "$(inherited) @executable_path/Frameworks @loader_path/Frameworks";
				PRODUCT_BUNDLE_IDENTIFIER = me.cooop.UIScrollViewDemoUITests;
				PRODUCT_NAME = "$(TARGET_NAME)";
				TEST_TARGET_NAME = UIScrollViewDemo;
			};
			name = Debug;
		};
		2D9981AA1CED9A2A0080826A /* Release */ = {
			isa = XCBuildConfiguration;
			buildSettings = {
				INFOPLIST_FILE = UIScrollViewDemoUITests/Info.plist;
				LD_RUNPATH_SEARCH_PATHS = "$(inherited) @executable_path/Frameworks @loader_path/Frameworks";
				PRODUCT_BUNDLE_IDENTIFIER = me.cooop.UIScrollViewDemoUITests;
				PRODUCT_NAME = "$(TARGET_NAME)";
				TEST_TARGET_NAME = UIScrollViewDemo;
			};
			name = Release;
		};
/* End XCBuildConfiguration section */

/* Begin XCConfigurationList section */
		2D9981751CED9A290080826A /* Build configuration list for PBXProject "UIScrollViewDemo" */ = {
			isa = XCConfigurationList;
			buildConfigurations = (
				2D9981A01CED9A2A0080826A /* Debug */,
				2D9981A11CED9A2A0080826A /* Release */,
			);
			defaultConfigurationIsVisible = 0;
			defaultConfigurationName = Release;
		};
		2D9981A21CED9A2A0080826A /* Build configuration list for PBXNativeTarget "UIScrollViewDemo" */ = {
			isa = XCConfigurationList;
			buildConfigurations = (
				2D9981A31CED9A2A0080826A /* Debug */,
				2D9981A41CED9A2A0080826A /* Release */,
			);
			defaultConfigurationIsVisible = 0;
			defaultConfigurationName = Release;
		};
		2D9981A51CED9A2A0080826A /* Build configuration list for PBXNativeTarget "UIScrollViewDemoTests" */ = {
			isa = XCConfigurationList;
			buildConfigurations = (
				2D9981A61CED9A2A0080826A /* Debug */,
				2D9981A71CED9A2A0080826A /* Release */,
			);
			defaultConfigurationIsVisible = 0;
			defaultConfigurationName = Release;
		};
		2D9981A81CED9A2A0080826A /* Build configuration list for PBXNativeTarget "UIScrollViewDemoUITests" */ = {
			isa = XCConfigurationList;
			buildConfigurations = (
				2D9981A91CED9A2A0080826A /* Debug */,
				2D9981AA1CED9A2A0080826A /* Release */,
			);
			defaultConfigurationIsVisible = 0;
			defaultConfigurationName = Release;
		};
/* End XCConfigurationList section */
	};
	rootObject = 2D9981721CED9A290080826A /* Project object */;
}
